lockfileVersion: '6.0'

settings:
  autoInstallPeers: true
  excludeLinksFromLockfile: false

devDependencies:
  turbo:
    specifier: ^1.6.3
    version: 1.10.13

packages:

  /turbo-darwin-64@1.10.13:
    resolution: {integrity: sha512-vmngGfa2dlYvX7UFVncsNDMuT4X2KPyPJ2Jj+xvf5nvQnZR/3IeDEGleGVuMi/hRzdinoxwXqgk9flEmAYp0Xw==}
    cpu: [x64]
    os: [darwin]
    requiresBuild: true
    dev: true
    optional: true

  /turbo-darwin-arm64@1.10.13:
    resolution: {integrity: sha512-eMoJC+k7gIS4i2qL6rKmrIQGP6Wr9nN4odzzgHFngLTMimok2cGLK3qbJs5O5F/XAtEeRAmuxeRnzQwTl/iuAw==}
    cpu: [arm64]
    os: [darwin]
    requiresBuild: true
    dev: true
    optional: true

  /turbo-linux-64@1.10.13:
    resolution: {integrity: sha512-0CyYmnKTs6kcx7+JRH3nPEqCnzWduM0hj8GP/aodhaIkLNSAGAa+RiYZz6C7IXN+xUVh5rrWTnU2f1SkIy7Gdg==}
    cpu: [x64]
    os: [linux]
    requiresBuild: true
    dev: true
    optional: true

  /turbo-linux-arm64@1.10.13:
    resolution: {integrity: sha512-0iBKviSGQQlh2OjZgBsGjkPXoxvRIxrrLLbLObwJo3sOjIH0loGmVIimGS5E323soMfi/o+sidjk2wU1kFfD7Q==}
    cpu: [arm64]
    os: [linux]
    requiresBuild: true
    dev: true
    optional: true

  /turbo-windows-64@1.10.13:
    resolution: {integrity: sha512-S5XySRfW2AmnTeY1IT+Jdr6Goq7mxWganVFfrmqU+qqq3Om/nr0GkcUX+KTIo9mPrN0D3p5QViBRzulwB5iuUQ==}
    cpu: [x64]
    os: [win32]
    requiresBuild: true
    dev: true
    optional: true

  /turbo-windows-arm64@1.10.13:
    resolution: {integrity: sha512-nKol6+CyiExJIuoIc3exUQPIBjP9nIq5SkMJgJuxsot2hkgGrafAg/izVDRDrRduQcXj2s8LdtxJHvvnbI8hEQ==}
    cpu: [arm64]
    os: [win32]
    requiresBuild: true
    dev: true
    optional: true

  /turbo@1.10.13:
    resolution: {integrity: sha512-vOF5IPytgQPIsgGtT0n2uGZizR2N3kKuPIn4b5p5DdeLoI0BV7uNiydT7eSzdkPRpdXNnO8UwS658VaI4+YSzQ==}
    hasBin: true
    optionalDependencies:
      turbo-darwin-64: 1.10.13
      turbo-darwin-arm64: 1.10.13
      turbo-linux-64: 1.10.13
      turbo-linux-arm64: 1.10.13
      turbo-windows-64: 1.10.13
      turbo-windows-arm64: 1.10.13
    dev: true
