lockfileVersion: 5.4

specifiers:
  turbo: ^1.6.3

devDependencies:
  turbo: 1.9.3

packages:

  /turbo-darwin-64/1.9.3:
    resolution: {integrity: sha512-0dFc2cWXl82kRE4Z+QqPHhbEFEpUZho1msHXHWbz5+PqLxn8FY0lEVOHkq5tgKNNEd5KnGyj33gC/bHhpZOk5g==}
    cpu: [x64]
    os: [darwin]
    requiresBuild: true
    dev: true
    optional: true

  /turbo-darwin-arm64/1.9.3:
    resolution: {integrity: sha512-1cYbjqLBA2zYE1nbf/qVnEkrHa4PkJJbLo7hnuMuGM0bPzh4+AnTNe98gELhqI1mkTWBu/XAEeF5u6dgz0jLNA==}
    cpu: [arm64]
    os: [darwin]
    requiresBuild: true
    dev: true
    optional: true

  /turbo-linux-64/1.9.3:
    resolution: {integrity: sha512-UuBPFefawEwpuxh5pM9Jqq3q4C8M0vYxVYlB3qea/nHQ80pxYq7ZcaLGEpb10SGnr3oMUUs1zZvkXWDNKCJb8Q==}
    cpu: [x64]
    os: [linux]
    requiresBuild: true
    dev: true
    optional: true

  /turbo-linux-arm64/1.9.3:
    resolution: {integrity: sha512-vUrNGa3hyDtRh9W0MkO+l1dzP8Co2gKnOVmlJQW0hdpOlWlIh22nHNGGlICg+xFa2f9j4PbQlWTsc22c019s8Q==}
    cpu: [arm64]
    os: [linux]
    requiresBuild: true
    dev: true
    optional: true

  /turbo-windows-64/1.9.3:
    resolution: {integrity: sha512-0BZ7YaHs6r+K4ksqWus1GKK3W45DuDqlmfjm/yuUbTEVc8szmMCs12vugU2Zi5GdrdJSYfoKfEJ/PeegSLIQGQ==}
    cpu: [x64]
    os: [win32]
    requiresBuild: true
    dev: true
    optional: true

  /turbo-windows-arm64/1.9.3:
    resolution: {integrity: sha512-QJUYLSsxdXOsR1TquiOmLdAgtYcQ/RuSRpScGvnZb1hY0oLc7JWU0llkYB81wVtWs469y8H9O0cxbKwCZGR4RQ==}
    cpu: [arm64]
    os: [win32]
    requiresBuild: true
    dev: true
    optional: true

  /turbo/1.9.3:
    resolution: {integrity: sha512-ID7mxmaLUPKG/hVkp+h0VuucB1U99RPCJD9cEuSEOdIPoSIuomcIClEJtKamUsdPLhLCud+BvapBNnhgh58Nzw==}
    hasBin: true
    requiresBuild: true
    optionalDependencies:
      turbo-darwin-64: 1.9.3
      turbo-darwin-arm64: 1.9.3
      turbo-linux-64: 1.9.3
      turbo-linux-arm64: 1.9.3
      turbo-windows-64: 1.9.3
      turbo-windows-arm64: 1.9.3
    dev: true
